{
  "nodes": {
    "nixpkgs": {
      "locked": {
        "lastModified": 1727358729,
        "narHash": "sha256-mJMVSTHM19x2vd4KmQ7E8ByWl68j5OLDhcOPnIiRTR0=",
        "owner": "NixOS",
        "repo": "nixpkgs",
        "rev": "19630aa75d6748dc38f46a401f7ea508509b13ef",
        "type": "github"
      },
      "original": {
        "owner": "NixOS",
        "ref": "nixos-unstable",
        "repo": "nixpkgs",
        "type": "github"
      }
    },
    "root": {
      "inputs": {
        "nixpkgs": "nixpkgs"
      }
    }
  },
  "root": "root",
  "version": 7
}
